
Microsoft Visual Studio Solution File, Format Version 12.00
# Visual Studio Version 17
VisualStudioVersion = 17.10.35013.160
MinimumVisualStudioVersion = 10.0.40219.1
Project("{9A19103F-16F7-4668-BE54-9A1E7A4F7556}") = "Methods", "Methods\Methods.csproj", "{DD496C15-58E6-4B92-837F-F02DAD1129A8}"
EndProject
Project("{9A19103F-16F7-4668-BE54-9A1E7A4F7556}") = "Collections", "Collections\Collections.csproj", "{F73DEB2E-5B2A-4F48-8D6D-CE180A68FADE}"
EndProject
Project("{9A19103F-16F7-4668-BE54-9A1E7A4F7556}") = "Math", "Math\Math.csproj", "{81E75D5C-F2FC-4EF2-8D2C-7EE80C58075D}"
EndProject
Project("{9A19103F-16F7-4668-BE54-9A1E7A4F7556}") = "OOP1", "OOP1\OOP1.csproj", "{78176EA4-256B-43C0-97E9-DB98582E1B03}"
EndProject
Project("{9A19103F-16F7-4668-BE54-9A1E7A4F7556}") = "OOP2", "OOP2\OOP2.csproj", "{8A2C364A-913A-4C68-BAF0-AB34BCCFA0D6}"
EndProject
Project("{FAE04EC0-301F-11D3-BF4B-00C04F79EFBC}") = "OPP3", "OPP3\OPP3.csproj", "{68BCFE30-C342-43EB-AC4F-8D08C847DE6F}"
EndProject
Global
	GlobalSection(SolutionConfigurationPlatforms) = preSolution
		Debug|Any CPU = Debug|Any CPU
		Release|Any CPU = Release|Any CPU
	EndGlobalSection
	GlobalSection(ProjectConfigurationPlatforms) = postSolution
		{DD496C15-58E6-4B92-837F-F02DAD1129A8}.Debug|Any CPU.ActiveCfg = Debug|Any CPU
		{DD496C15-58E6-4B92-837F-F02DAD1129A8}.Debug|Any CPU.Build.0 = Debug|Any CPU
		{DD496C15-58E6-4B92-837F-F02DAD1129A8}.Release|Any CPU.ActiveCfg = Release|Any CPU
		{DD496C15-58E6-4B92-837F-F02DAD1129A8}.Release|Any CPU.Build.0 = Release|Any CPU
		{F73DEB2E-5B2A-4F48-8D6D-CE180A68FADE}.Debug|Any CPU.ActiveCfg = Debug|Any CPU
		{F73DEB2E-5B2A-4F48-8D6D-CE180A68FADE}.Debug|Any CPU.Build.0 = Debug|Any CPU
		{F73DEB2E-5B2A-4F48-8D6D-CE180A68FADE}.Release|Any CPU.ActiveCfg = Release|Any CPU
		{F73DEB2E-5B2A-4F48-8D6D-CE180A68FADE}.Release|Any CPU.Build.0 = Release|Any CPU
		{81E75D5C-F2FC-4EF2-8D2C-7EE80C58075D}.Debug|Any CPU.ActiveCfg = Debug|Any CPU
		{81E75D5C-F2FC-4EF2-8D2C-7EE80C58075D}.Debug|Any CPU.Build.0 = Debug|Any CPU
		{81E75D5C-F2FC-4EF2-8D2C-7EE80C58075D}.Release|Any CPU.ActiveCfg = Release|Any CPU
		{81E75D5C-F2FC-4EF2-8D2C-7EE80C58075D}.Release|Any CPU.Build.0 = Release|Any CPU
		{78176EA4-256B-43C0-97E9-DB98582E1B03}.Debug|Any CPU.ActiveCfg = Debug|Any CPU
		{78176EA4-256B-43C0-97E9-DB98582E1B03}.Debug|Any CPU.Build.0 = Debug|Any CPU
		{78176EA4-256B-43C0-97E9-DB98582E1B03}.Release|Any CPU.ActiveCfg = Release|Any CPU
		{78176EA4-256B-43C0-97E9-DB98582E1B03}.Release|Any CPU.Build.0 = Release|Any CPU
		{8A2C364A-913A-4C68-BAF0-AB34BCCFA0D6}.Debug|Any CPU.ActiveCfg = Debug|Any CPU
		{8A2C364A-913A-4C68-BAF0-AB34BCCFA0D6}.Debug|Any CPU.Build.0 = Debug|Any CPU
		{8A2C364A-913A-4C68-BAF0-AB34BCCFA0D6}.Release|Any CPU.ActiveCfg = Release|Any CPU
		{8A2C364A-913A-4C68-BAF0-AB34BCCFA0D6}.Release|Any CPU.Build.0 = Release|Any CPU
		{68BCFE30-C342-43EB-AC4F-8D08C847DE6F}.Debug|Any CPU.ActiveCfg = Debug|Any CPU
		{68BCFE30-C342-43EB-AC4F-8D08C847DE6F}.Debug|Any CPU.Build.0 = Debug|Any CPU
		{68BCFE30-C342-43EB-AC4F-8D08C847DE6F}.Release|Any CPU.ActiveCfg = Release|Any CPU
		{68BCFE30-C342-43EB-AC4F-8D08C847DE6F}.Release|Any CPU.Build.0 = Release|Any CPU
	EndGlobalSection
	GlobalSection(SolutionProperties) = preSolution
		HideSolutionNode = FALSE
	EndGlobalSection
	GlobalSection(ExtensibilityGlobals) = postSolution
		SolutionGuid = {BFCBCB0C-D1BE-43D3-8E16-4A03CAE875C7}
	EndGlobalSection
EndGlobal
